
Microsoft Visual Studio Solution File, Format Version 12.00
# Visual Studio Version 17
VisualStudioVersion = 17.5.33530.505
MinimumVisualStudioVersion = 10.0.40219.1
Project("{FAE04EC0-301F-11D3-BF4B-00C04F79EFBC}") = "SIGOM", "SIGOM\SIGOM.csproj", "{29D3134F-79E6-45C5-AD17-7CDF271CF251}"
EndProject
Global
	GlobalSection(SolutionConfigurationPlatforms) = preSolution
		Debug|Any CPU = Debug|Any CPU
		Release|Any CPU = Release|Any CPU
	EndGlobalSection
	GlobalSection(ProjectConfigurationPlatforms) = postSolution
		{29D3134F-79E6-45C5-AD17-7CDF271CF251}.Debug|Any CPU.ActiveCfg = Debug|Any CPU
		{29D3134F-79E6-45C5-AD17-7CDF271CF251}.Debug|Any CPU.Build.0 = Debug|Any CPU
		{29D3134F-79E6-45C5-AD17-7CDF271CF251}.Release|Any CPU.ActiveCfg = Release|Any CPU
		{29D3134F-79E6-45C5-AD17-7CDF271CF251}.Release|Any CPU.Build.0 = Release|Any CPU
	EndGlobalSection
	GlobalSection(SolutionProperties) = preSolution
		HideSolutionNode = FALSE
	EndGlobalSection
	GlobalSection(ExtensibilityGlobals) = postSolution
		SolutionGuid = {3A245DF2-E9EE-42EF-9E70-E8F55BA22E93}
	EndGlobalSection
EndGlobal
